// !$*UTF8*$!
{
	archiveVersion = 1;
	classes = {
	};
	objectVersion = 56;
	objects = {

/* Begin PBXBuildFile section */
		B53AF6952A2694B40072682A /* iPhoneNumberField in Frameworks */ = {isa = PBXBuildFile; productRef = B53AF6942A2694B40072682A /* iPhoneNumberField */; };
		B53AF6982A26953C0072682A /* FirebaseAnalytics in Frameworks */ = {isa = PBXBuildFile; productRef = B53AF6972A26953C0072682A /* FirebaseAnalytics */; };
		B53AF69A2A26953C0072682A /* FirebaseAuth in Frameworks */ = {isa = PBXBuildFile; productRef = B53AF6992A26953C0072682A /* FirebaseAuth */; };
		B53AF69C2A26953C0072682A /* FirebaseDatabase in Frameworks */ = {isa = PBXBuildFile; productRef = B53AF69B2A26953C0072682A /* FirebaseDatabase */; };
		B53AF69E2A26953C0072682A /* FirebaseFirestore in Frameworks */ = {isa = PBXBuildFile; productRef = B53AF69D2A26953C0072682A /* FirebaseFirestore */; };
		B53AF6A02A26953C0072682A /* FirebaseStorage in Frameworks */ = {isa = PBXBuildFile; productRef = B53AF69F2A26953C0072682A /* FirebaseStorage */; };
		B53AF6A22A26A3780072682A /* Storage.swift in Sources */ = {isa = PBXBuildFile; fileRef = B53AF6A12A26A3780072682A /* Storage.swift */; };
		B56D77AC2A0B9ABA0052FDFF /* LoadFromApiCollection.swift in Sources */ = {isa = PBXBuildFile; fileRef = B56D77AB2A0B9ABA0052FDFF /* LoadFromApiCollection.swift */; };
		B57EE94329E16CB900489FC8 /* ContactForm.swift in Sources */ = {isa = PBXBuildFile; fileRef = B57EE94229E16CB900489FC8 /* ContactForm.swift */; };
		B58E7B8D29CF3BE800221EFD /* TryFirebaseApp.swift in Sources */ = {isa = PBXBuildFile; fileRef = B58E7B8C29CF3BE800221EFD /* TryFirebaseApp.swift */; };
		B58E7B8F29CF3BE800221EFD /* ContentView.swift in Sources */ = {isa = PBXBuildFile; fileRef = B58E7B8E29CF3BE800221EFD /* ContentView.swift */; };
		B58E7B9129CF3BEA00221EFD /* Assets.xcassets in Resources */ = {isa = PBXBuildFile; fileRef = B58E7B9029CF3BEA00221EFD /* Assets.xcassets */; };
		B58E7B9429CF3BEA00221EFD /* Preview Assets.xcassets in Resources */ = {isa = PBXBuildFile; fileRef = B58E7B9329CF3BEA00221EFD /* Preview Assets.xcassets */; };
		B5912DD42A51DC040033B8E6 /* ImageLoader.swift in Sources */ = {isa = PBXBuildFile; fileRef = B5912DD32A51DC040033B8E6 /* ImageLoader.swift */; };
		B5912DD62A51DCB40033B8E6 /* FirebaseService.swift in Sources */ = {isa = PBXBuildFile; fileRef = B5912DD52A51DCB40033B8E6 /* FirebaseService.swift */; };
		B5912DD82A51E0820033B8E6 /* MailView.swift in Sources */ = {isa = PBXBuildFile; fileRef = B5912DD72A51E0820033B8E6 /* MailView.swift */; };
		B5912DDA2A51E4040033B8E6 /* GoogleService-Info.plist in Resources */ = {isa = PBXBuildFile; fileRef = B5912DD92A51E4040033B8E6 /* GoogleService-Info.plist */; };
/* End PBXBuildFile section */

/* Begin PBXFileReference section */
		B53AF6A12A26A3780072682A /* Storage.swift */ = {isa = PBXFileReference; lastKnownFileType = sourcecode.swift; path = Storage.swift; sourceTree = "<group>"; };
		B56D77AB2A0B9ABA0052FDFF /* LoadFromApiCollection.swift */ = {isa = PBXFileReference; lastKnownFileType = sourcecode.swift; path = LoadFromApiCollection.swift; sourceTree = "<group>"; };
		B57EE94229E16CB900489FC8 /* ContactForm.swift */ = {isa = PBXFileReference; lastKnownFileType = sourcecode.swift; path = ContactForm.swift; sourceTree = "<group>"; };
		B58E7B8929CF3BE800221EFD /* TryFirebase.app */ = {isa = PBXFileReference; explicitFileType = wrapper.application; includeInIndex = 0; path = TryFirebase.app; sourceTree = BUILT_PRODUCTS_DIR; };
		B58E7B8C29CF3BE800221EFD /* TryFirebaseApp.swift */ = {isa = PBXFileReference; lastKnownFileType = sourcecode.swift; path = TryFirebaseApp.swift; sourceTree = "<group>"; };
		B58E7B8E29CF3BE800221EFD /* ContentView.swift */ = {isa = PBXFileReference; lastKnownFileType = sourcecode.swift; path = ContentView.swift; sourceTree = "<group>"; };
		B58E7B9029CF3BEA00221EFD /* Assets.xcassets */ = {isa = PBXFileReference; lastKnownFileType = folder.assetcatalog; path = Assets.xcassets; sourceTree = "<group>"; };
		B58E7B9329CF3BEA00221EFD /* Preview Assets.xcassets */ = {isa = PBXFileReference; lastKnownFileType = folder.assetcatalog; path = "Preview Assets.xcassets"; sourceTree = "<group>"; };
		B5912DD32A51DC040033B8E6 /* ImageLoader.swift */ = {isa = PBXFileReference; lastKnownFileType = sourcecode.swift; name = ImageLoader.swift; path = TryFirebase/Model/ImageLoader.swift; sourceTree = SOURCE_ROOT; };
		B5912DD52A51DCB40033B8E6 /* FirebaseService.swift */ = {isa = PBXFileReference; lastKnownFileType = sourcecode.swift; path = FirebaseService.swift; sourceTree = "<group>"; };
		B5912DD72A51E0820033B8E6 /* MailView.swift */ = {isa = PBXFileReference; lastKnownFileType = sourcecode.swift; path = MailView.swift; sourceTree = "<group>"; };
		B5912DD92A51E4040033B8E6 /* GoogleService-Info.plist */ = {isa = PBXFileReference; fileEncoding = 4; lastKnownFileType = text.plist.xml; path = "GoogleService-Info.plist"; sourceTree = "<group>"; };
/* End PBXFileReference section */

/* Begin PBXFrameworksBuildPhase section */
		B58E7B8629CF3BE800221EFD /* Frameworks */ = {
			isa = PBXFrameworksBuildPhase;
			buildActionMask = 2147483647;
			files = (
				B53AF6982A26953C0072682A /* FirebaseAnalytics in Frameworks */,
				B53AF69A2A26953C0072682A /* FirebaseAuth in Frameworks */,
				B53AF69C2A26953C0072682A /* FirebaseDatabase in Frameworks */,
				B53AF69E2A26953C0072682A /* FirebaseFirestore in Frameworks */,
				B53AF6952A2694B40072682A /* iPhoneNumberField in Frameworks */,
				B53AF6A02A26953C0072682A /* FirebaseStorage in Frameworks */,
			);
			runOnlyForDeploymentPostprocessing = 0;
		};
/* End PBXFrameworksBuildPhase section */

/* Begin PBXGroup section */
		B58E7B8029CF3BE800221EFD = {
			isa = PBXGroup;
			children = (
				B58E7B8B29CF3BE800221EFD /* TryFirebase */,
				B58E7B8A29CF3BE800221EFD /* Products */,
			);
			sourceTree = "<group>";
		};
		B58E7B8A29CF3BE800221EFD /* Products */ = {
			isa = PBXGroup;
			children = (
				B58E7B8929CF3BE800221EFD /* TryFirebase.app */,
			);
			name = Products;
			sourceTree = "<group>";
		};
		B58E7B8B29CF3BE800221EFD /* TryFirebase */ = {
			isa = PBXGroup;
			children = (
				B58E7B8C29CF3BE800221EFD /* TryFirebaseApp.swift */,
				B5912DB52A51D9BB0033B8E6 /* View */,
				B5912DB62A51D9F20033B8E6 /* Model */,
				B5912DD92A51E4040033B8E6 /* GoogleService-Info.plist */,
				B58E7B9029CF3BEA00221EFD /* Assets.xcassets */,
				B58E7B9229CF3BEA00221EFD /* Preview Content */,
			);
			path = TryFirebase;
			sourceTree = "<group>";
		};
		B58E7B9229CF3BEA00221EFD /* Preview Content */ = {
			isa = PBXGroup;
			children = (
				B58E7B9329CF3BEA00221EFD /* Preview Assets.xcassets */,
			);
			path = "Preview Content";
			sourceTree = "<group>";
		};
		B5912DB52A51D9BB0033B8E6 /* View */ = {
			isa = PBXGroup;
			children = (
				B58E7B8E29CF3BE800221EFD /* ContentView.swift */,
				B56D77AB2A0B9ABA0052FDFF /* LoadFromApiCollection.swift */,
				B57EE94229E16CB900489FC8 /* ContactForm.swift */,
				B5912DD72A51E0820033B8E6 /* MailView.swift */,
			);
			path = View;
			sourceTree = "<group>";
		};
		B5912DB62A51D9F20033B8E6 /* Model */ = {
			isa = PBXGroup;
			children = (
				B5912DD32A51DC040033B8E6 /* ImageLoader.swift */,
				B53AF6A12A26A3780072682A /* Storage.swift */,
				B5912DD52A51DCB40033B8E6 /* FirebaseService.swift */,
			);
			path = Model;
			sourceTree = "<group>";
		};
/* End PBXGroup section */

/* Begin PBXNativeTarget section */
		B58E7B8829CF3BE800221EFD /* TryFirebase */ = {
			isa = PBXNativeTarget;
			buildConfigurationList = B58E7B9729CF3BEA00221EFD /* Build configuration list for PBXNativeTarget "TryFirebase" */;
			buildPhases = (
				B58E7B8529CF3BE800221EFD /* Sources */,
				B58E7B8629CF3BE800221EFD /* Frameworks */,
				B58E7B8729CF3BE800221EFD /* Resources */,
			);
			buildRules = (
			);
			dependencies = (
			);
			name = TryFirebase;
			packageProductDependencies = (
				B53AF6942A2694B40072682A /* iPhoneNumberField */,
				B53AF6972A26953C0072682A /* FirebaseAnalytics */,
				B53AF6992A26953C0072682A /* FirebaseAuth */,
				B53AF69B2A26953C0072682A /* FirebaseDatabase */,
				B53AF69D2A26953C0072682A /* FirebaseFirestore */,
				B53AF69F2A26953C0072682A /* FirebaseStorage */,
			);
			productName = Portfolio_backup;
			productReference = B58E7B8929CF3BE800221EFD /* TryFirebase.app */;
			productType = "com.apple.product-type.application";
		};
/* End PBXNativeTarget section */

/* Begin PBXProject section */
		B58E7B8129CF3BE800221EFD /* Project object */ = {
			isa = PBXProject;
			attributes = {
				BuildIndependentTargetsInParallel = 1;
				LastSwiftUpdateCheck = 1420;
				LastUpgradeCheck = 1420;
				TargetAttributes = {
					B58E7B8829CF3BE800221EFD = {
						CreatedOnToolsVersion = 14.2;
					};
				};
			};
			buildConfigurationList = B58E7B8429CF3BE800221EFD /* Build configuration list for PBXProject "TryFirebase" */;
			compatibilityVersion = "Xcode 14.0";
			developmentRegion = en;
			hasScannedForEncodings = 0;
			knownRegions = (
				en,
				Base,
			);
			mainGroup = B58E7B8029CF3BE800221EFD;
			packageReferences = (
				B53AF6932A2694B40072682A /* XCRemoteSwiftPackageReference "iPhoneNumberField" */,
				B53AF6962A26953C0072682A /* XCRemoteSwiftPackageReference "firebase-ios-sdk" */,
			);
			productRefGroup = B58E7B8A29CF3BE800221EFD /* Products */;
			projectDirPath = "";
			projectRoot = "";
			targets = (
				B58E7B8829CF3BE800221EFD /* TryFirebase */,
			);
		};
/* End PBXProject section */

/* Begin PBXResourcesBuildPhase section */
		B58E7B8729CF3BE800221EFD /* Resources */ = {
			isa = PBXResourcesBuildPhase;
			buildActionMask = 2147483647;
			files = (
				B58E7B9429CF3BEA00221EFD /* Preview Assets.xcassets in Resources */,
				B5912DDA2A51E4040033B8E6 /* GoogleService-Info.plist in Resources */,
				B58E7B9129CF3BEA00221EFD /* Assets.xcassets in Resources */,
			);
			runOnlyForDeploymentPostprocessing = 0;
		};
/* End PBXResourcesBuildPhase section */

/* Begin PBXSourcesBuildPhase section */
		B58E7B8529CF3BE800221EFD /* Sources */ = {
			isa = PBXSourcesBuildPhase;
			buildActionMask = 2147483647;
			files = (
				B57EE94329E16CB900489FC8 /* ContactForm.swift in Sources */,
				B58E7B8F29CF3BE800221EFD /* ContentView.swift in Sources */,
				B5912DD42A51DC040033B8E6 /* ImageLoader.swift in Sources */,
				B58E7B8D29CF3BE800221EFD /* TryFirebaseApp.swift in Sources */,
				B5912DD62A51DCB40033B8E6 /* FirebaseService.swift in Sources */,
				B56D77AC2A0B9ABA0052FDFF /* LoadFromApiCollection.swift in Sources */,
				B53AF6A22A26A3780072682A /* Storage.swift in Sources */,
				B5912DD82A51E0820033B8E6 /* MailView.swift in Sources */,
			);
			runOnlyForDeploymentPostprocessing = 0;
		};
/* End PBXSourcesBuildPhase section */

/* Begin XCBuildConfiguration section */
		B58E7B9529CF3BEA00221EFD /* Debug */ = {
			isa = XCBuildConfiguration;
			buildSettings = {
				ALWAYS_SEARCH_USER_PATHS = NO;
				CLANG_ANALYZER_NONNULL = YES;
				CLANG_ANALYZER_NUMBER_OBJECT_CONVERSION = YES_AGGRESSIVE;
				CLANG_CXX_LANGUAGE_STANDARD = "gnu++20";
				CLANG_ENABLE_MODULES = YES;
				CLANG_ENABLE_OBJC_ARC = YES;
				CLANG_ENABLE_OBJC_WEAK = YES;
				CLANG_WARN_BLOCK_CAPTURE_AUTORELEASING = YES;
				CLANG_WARN_BOOL_CONVERSION = YES;
				CLANG_WARN_COMMA = YES;
				CLANG_WARN_CONSTANT_CONVERSION = YES;
				CLANG_WARN_DEPRECATED_OBJC_IMPLEMENTATIONS = YES;
				CLANG_WARN_DIRECT_OBJC_ISA_USAGE = YES_ERROR;
				CLANG_WARN_DOCUMENTATION_COMMENTS = YES;
				CLANG_WARN_EMPTY_BODY = YES;
				CLANG_WARN_ENUM_CONVERSION = YES;
				CLANG_WARN_INFINITE_RECURSION = YES;
				CLANG_WARN_INT_CONVERSION = YES;
				CLANG_WARN_NON_LITERAL_NULL_CONVERSION = YES;
				CLANG_WARN_OBJC_IMPLICIT_RETAIN_SELF = YES;
				CLANG_WARN_OBJC_LITERAL_CONVERSION = YES;
				CLANG_WARN_OBJC_ROOT_CLASS = YES_ERROR;
				CLANG_WARN_QUOTED_INCLUDE_IN_FRAMEWORK_HEADER = YES;
				CLANG_WARN_RANGE_LOOP_ANALYSIS = YES;
				CLANG_WARN_STRICT_PROTOTYPES = YES;
				CLANG_WARN_SUSPICIOUS_MOVE = YES;
				CLANG_WARN_UNGUARDED_AVAILABILITY = YES_AGGRESSIVE;
				CLANG_WARN_UNREACHABLE_CODE = YES;
				CLANG_WARN__DUPLICATE_METHOD_MATCH = YES;
				COPY_PHASE_STRIP = NO;
				DEBUG_INFORMATION_FORMAT = dwarf;
				ENABLE_STRICT_OBJC_MSGSEND = YES;
				ENABLE_TESTABILITY = YES;
				GCC_C_LANGUAGE_STANDARD = gnu11;
				GCC_DYNAMIC_NO_PIC = NO;
				GCC_NO_COMMON_BLOCKS = YES;
				GCC_OPTIMIZATION_LEVEL = 0;
				GCC_PREPROCESSOR_DEFINITIONS = (
					"DEBUG=1",
					"$(inherited)",
				);
				GCC_WARN_64_TO_32_BIT_CONVERSION = YES;
				GCC_WARN_ABOUT_RETURN_TYPE = YES_ERROR;
				GCC_WARN_UNDECLARED_SELECTOR = YES;
				GCC_WARN_UNINITIALIZED_AUTOS = YES_AGGRESSIVE;
				GCC_WARN_UNUSED_FUNCTION = YES;
				GCC_WARN_UNUSED_VARIABLE = YES;
				IPHONEOS_DEPLOYMENT_TARGET = 16.2;
				MTL_ENABLE_DEBUG_INFO = INCLUDE_SOURCE;
				MTL_FAST_MATH = YES;
				ONLY_ACTIVE_ARCH = YES;
				SDKROOT = iphoneos;
				SWIFT_ACTIVE_COMPILATION_CONDITIONS = DEBUG;
				SWIFT_OPTIMIZATION_LEVEL = "-Onone";
			};
			name = Debug;
		};
		B58E7B9629CF3BEA00221EFD /* Release */ = {
			isa = XCBuildConfiguration;
			buildSettings = {
				ALWAYS_SEARCH_USER_PATHS = NO;
				CLANG_ANALYZER_NONNULL = YES;
				CLANG_ANALYZER_NUMBER_OBJECT_CONVERSION = YES_AGGRESSIVE;
				CLANG_CXX_LANGUAGE_STANDARD = "gnu++20";
				CLANG_ENABLE_MODULES = YES;
				CLANG_ENABLE_OBJC_ARC = YES;
				CLANG_ENABLE_OBJC_WEAK = YES;
				CLANG_WARN_BLOCK_CAPTURE_AUTORELEASING = YES;
				CLANG_WARN_BOOL_CONVERSION = YES;
				CLANG_WARN_COMMA = YES;
				CLANG_WARN_CONSTANT_CONVERSION = YES;
				CLANG_WARN_DEPRECATED_OBJC_IMPLEMENTATIONS = YES;
				CLANG_WARN_DIRECT_OBJC_ISA_USAGE = YES_ERROR;
				CLANG_WARN_DOCUMENTATION_COMMENTS = YES;
				CLANG_WARN_EMPTY_BODY = YES;
				CLANG_WARN_ENUM_CONVERSION = YES;
				CLANG_WARN_INFINITE_RECURSION = YES;
				CLANG_WARN_INT_CONVERSION = YES;
				CLANG_WARN_NON_LITERAL_NULL_CONVERSION = YES;
				CLANG_WARN_OBJC_IMPLICIT_RETAIN_SELF = YES;
				CLANG_WARN_OBJC_LITERAL_CONVERSION = YES;
				CLANG_WARN_OBJC_ROOT_CLASS = YES_ERROR;
				CLANG_WARN_QUOTED_INCLUDE_IN_FRAMEWORK_HEADER = YES;
				CLANG_WARN_RANGE_LOOP_ANALYSIS = YES;
				CLANG_WARN_STRICT_PROTOTYPES = YES;
				CLANG_WARN_SUSPICIOUS_MOVE = YES;
				CLANG_WARN_UNGUARDED_AVAILABILITY = YES_AGGRESSIVE;
				CLANG_WARN_UNREACHABLE_CODE = YES;
				CLANG_WARN__DUPLICATE_METHOD_MATCH = YES;
				COPY_PHASE_STRIP = NO;
				DEBUG_INFORMATION_FORMAT = "dwarf-with-dsym";
				ENABLE_NS_ASSERTIONS = NO;
				ENABLE_STRICT_OBJC_MSGSEND = YES;
				GCC_C_LANGUAGE_STANDARD = gnu11;
				GCC_NO_COMMON_BLOCKS = YES;
				GCC_WARN_64_TO_32_BIT_CONVERSION = YES;
				GCC_WARN_ABOUT_RETURN_TYPE = YES_ERROR;
				GCC_WARN_UNDECLARED_SELECTOR = YES;
				GCC_WARN_UNINITIALIZED_AUTOS = YES_AGGRESSIVE;
				GCC_WARN_UNUSED_FUNCTION = YES;
				GCC_WARN_UNUSED_VARIABLE = YES;
				IPHONEOS_DEPLOYMENT_TARGET = 16.2;
				MTL_ENABLE_DEBUG_INFO = NO;
				MTL_FAST_MATH = YES;
				SDKROOT = iphoneos;
				SWIFT_COMPILATION_MODE = wholemodule;
				SWIFT_OPTIMIZATION_LEVEL = "-O";
				VALIDATE_PRODUCT = YES;
			};
			name = Release;
		};
		B58E7B9829CF3BEA00221EFD /* Debug */ = {
			isa = XCBuildConfiguration;
			buildSettings = {
				ASSETCATALOG_COMPILER_APPICON_NAME = AppIcon;
				ASSETCATALOG_COMPILER_GLOBAL_ACCENT_COLOR_NAME = AccentColor;
				CODE_SIGN_STYLE = Automatic;
				CURRENT_PROJECT_VERSION = 1;
				DEVELOPMENT_ASSET_PATHS = "TryFirebase/Preview\\ Content";
				DEVELOPMENT_TEAM = QGN945XQUG;
				ENABLE_PREVIEWS = YES;
				GENERATE_INFOPLIST_FILE = YES;
				INFOPLIST_KEY_UIApplicationSceneManifest_Generation = YES;
				INFOPLIST_KEY_UIApplicationSupportsIndirectInputEvents = YES;
				INFOPLIST_KEY_UILaunchScreen_Generation = YES;
				INFOPLIST_KEY_UISupportedInterfaceOrientations_iPad = "UIInterfaceOrientationPortrait UIInterfaceOrientationPortraitUpsideDown UIInterfaceOrientationLandscapeLeft UIInterfaceOrientationLandscapeRight";
				INFOPLIST_KEY_UISupportedInterfaceOrientations_iPhone = "UIInterfaceOrientationPortrait UIInterfaceOrientationLandscapeLeft UIInterfaceOrientationLandscapeRight";
				LD_RUNPATH_SEARCH_PATHS = (
					"$(inherited)",
					"@executable_path/Frameworks",
				);
				MARKETING_VERSION = 1.0;
				PRODUCT_BUNDLE_IDENTIFIER = swift.TryFirebase;
				PRODUCT_NAME = "$(TARGET_NAME)";
				SWIFT_EMIT_LOC_STRINGS = YES;
				SWIFT_VERSION = 5.0;
				TARGETED_DEVICE_FAMILY = "1,2";
			};
			name = Debug;
		};
		B58E7B9929CF3BEA00221EFD /* Release */ = {
			isa = XCBuildConfiguration;
			buildSettings = {
				ASSETCATALOG_COMPILER_APPICON_NAME = AppIcon;
				ASSETCATALOG_COMPILER_GLOBAL_ACCENT_COLOR_NAME = AccentColor;
				CODE_SIGN_STYLE = Automatic;
				CURRENT_PROJECT_VERSION = 1;
				DEVELOPMENT_ASSET_PATHS = "TryFirebase/Preview\\ Content";
				DEVELOPMENT_TEAM = QGN945XQUG;
				ENABLE_PREVIEWS = YES;
				GENERATE_INFOPLIST_FILE = YES;
				INFOPLIST_KEY_UIApplicationSceneManifest_Generation = YES;
				INFOPLIST_KEY_UIApplicationSupportsIndirectInputEvents = YES;
				INFOPLIST_KEY_UILaunchScreen_Generation = YES;
				INFOPLIST_KEY_UISupportedInterfaceOrientations_iPad = "UIInterfaceOrientationPortrait UIInterfaceOrientationPortraitUpsideDown UIInterfaceOrientationLandscapeLeft UIInterfaceOrientationLandscapeRight";
				INFOPLIST_KEY_UISupportedInterfaceOrientations_iPhone = "UIInterfaceOrientationPortrait UIInterfaceOrientationLandscapeLeft UIInterfaceOrientationLandscapeRight";
				LD_RUNPATH_SEARCH_PATHS = (
					"$(inherited)",
					"@executable_path/Frameworks",
				);
				MARKETING_VERSION = 1.0;
				PRODUCT_BUNDLE_IDENTIFIER = swift.TryFirebase;
				PRODUCT_NAME = "$(TARGET_NAME)";
				SWIFT_EMIT_LOC_STRINGS = YES;
				SWIFT_VERSION = 5.0;
				TARGETED_DEVICE_FAMILY = "1,2";
			};
			name = Release;
		};
/* End XCBuildConfiguration section */

/* Begin XCConfigurationList section */
		B58E7B8429CF3BE800221EFD /* Build configuration list for PBXProject "TryFirebase" */ = {
			isa = XCConfigurationList;
			buildConfigurations = (
				B58E7B9529CF3BEA00221EFD /* Debug */,
				B58E7B9629CF3BEA00221EFD /* Release */,
			);
			defaultConfigurationIsVisible = 0;
			defaultConfigurationName = Release;
		};
		B58E7B9729CF3BEA00221EFD /* Build configuration list for PBXNativeTarget "TryFirebase" */ = {
			isa = XCConfigurationList;
			buildConfigurations = (
				B58E7B9829CF3BEA00221EFD /* Debug */,
				B58E7B9929CF3BEA00221EFD /* Release */,
			);
			defaultConfigurationIsVisible = 0;
			defaultConfigurationName = Release;
		};
/* End XCConfigurationList section */

/* Begin XCRemoteSwiftPackageReference section */
		B53AF6932A2694B40072682A /* XCRemoteSwiftPackageReference "iPhoneNumberField" */ = {
			isa = XCRemoteSwiftPackageReference;
			repositoryURL = "https://github.com/MojtabaHs/iPhoneNumberField";
			requirement = {
				branch = main;
				kind = branch;
			};
		};
		B53AF6962A26953C0072682A /* XCRemoteSwiftPackageReference "firebase-ios-sdk" */ = {
			isa = XCRemoteSwiftPackageReference;
			repositoryURL = "https://github.com/firebase/firebase-ios-sdk";
			requirement = {
				branch = master;
				kind = branch;
			};
		};
/* End XCRemoteSwiftPackageReference section */

/* Begin XCSwiftPackageProductDependency section */
		B53AF6942A2694B40072682A /* iPhoneNumberField */ = {
			isa = XCSwiftPackageProductDependency;
			package = B53AF6932A2694B40072682A /* XCRemoteSwiftPackageReference "iPhoneNumberField" */;
			productName = iPhoneNumberField;
		};
		B53AF6972A26953C0072682A /* FirebaseAnalytics */ = {
			isa = XCSwiftPackageProductDependency;
			package = B53AF6962A26953C0072682A /* XCRemoteSwiftPackageReference "firebase-ios-sdk" */;
			productName = FirebaseAnalytics;
		};
		B53AF6992A26953C0072682A /* FirebaseAuth */ = {
			isa = XCSwiftPackageProductDependency;
			package = B53AF6962A26953C0072682A /* XCRemoteSwiftPackageReference "firebase-ios-sdk" */;
			productName = FirebaseAuth;
		};
		B53AF69B2A26953C0072682A /* FirebaseDatabase */ = {
			isa = XCSwiftPackageProductDependency;
			package = B53AF6962A26953C0072682A /* XCRemoteSwiftPackageReference "firebase-ios-sdk" */;
			productName = FirebaseDatabase;
		};
		B53AF69D2A26953C0072682A /* FirebaseFirestore */ = {
			isa = XCSwiftPackageProductDependency;
			package = B53AF6962A26953C0072682A /* XCRemoteSwiftPackageReference "firebase-ios-sdk" */;
			productName = FirebaseFirestore;
		};
		B53AF69F2A26953C0072682A /* FirebaseStorage */ = {
			isa = XCSwiftPackageProductDependency;
			package = B53AF6962A26953C0072682A /* XCRemoteSwiftPackageReference "firebase-ios-sdk" */;
			productName = FirebaseStorage;
		};
/* End XCSwiftPackageProductDependency section */
	};
	rootObject = B58E7B8129CF3BE800221EFD /* Project object */;
}
